
Microsoft Visual Studio Solution File, Format Version 12.00
# Visual Studio 2012
Project("{F2A71F9B-5D33-465A-A702-920D77279786}") = "aif2dump", "aif2dump\aif2dump.fsproj", "{D7063627-DD14-472E-92EC-3EF867FA1616}"
EndProject
Project("{F2A71F9B-5D33-465A-A702-920D77279786}") = "libaif2sysmoc", "libaif2sysmoc\libaif2sysmoc.fsproj", "{307D8E9B-9381-4DB9-BF2C-D93E55BA083B}"
EndProject
Project("{F2A71F9B-5D33-465A-A702-920D77279786}") = "aif2sysmoc", "aif2sysmoc\aif2sysmoc.fsproj", "{F9508526-B2C7-4C9C-B181-08564CF2BDF1}"
EndProject
Global
	GlobalSection(SolutionConfigurationPlatforms) = preSolution
		Debug|Any CPU = Debug|Any CPU
		Release|Any CPU = Release|Any CPU
	EndGlobalSection
	GlobalSection(ProjectConfigurationPlatforms) = postSolution
		{D7063627-DD14-472E-92EC-3EF867FA1616}.Debug|Any CPU.ActiveCfg = Debug|Any CPU
		{D7063627-DD14-472E-92EC-3EF867FA1616}.Debug|Any CPU.Build.0 = Debug|Any CPU
		{D7063627-DD14-472E-92EC-3EF867FA1616}.Release|Any CPU.ActiveCfg = Release|Any CPU
		{D7063627-DD14-472E-92EC-3EF867FA1616}.Release|Any CPU.Build.0 = Release|Any CPU
		{307D8E9B-9381-4DB9-BF2C-D93E55BA083B}.Debug|Any CPU.ActiveCfg = Debug|Any CPU
		{307D8E9B-9381-4DB9-BF2C-D93E55BA083B}.Debug|Any CPU.Build.0 = Debug|Any CPU
		{307D8E9B-9381-4DB9-BF2C-D93E55BA083B}.Release|Any CPU.ActiveCfg = Release|Any CPU
		{307D8E9B-9381-4DB9-BF2C-D93E55BA083B}.Release|Any CPU.Build.0 = Release|Any CPU
		{F9508526-B2C7-4C9C-B181-08564CF2BDF1}.Debug|Any CPU.ActiveCfg = Debug|Any CPU
		{F9508526-B2C7-4C9C-B181-08564CF2BDF1}.Debug|Any CPU.Build.0 = Debug|Any CPU
		{F9508526-B2C7-4C9C-B181-08564CF2BDF1}.Release|Any CPU.ActiveCfg = Release|Any CPU
		{F9508526-B2C7-4C9C-B181-08564CF2BDF1}.Release|Any CPU.Build.0 = Release|Any CPU
	EndGlobalSection
	GlobalSection(SolutionProperties) = preSolution
		HideSolutionNode = FALSE
	EndGlobalSection
	GlobalSection(Performance) = preSolution
		HasPerformanceSessions = true
	EndGlobalSection
EndGlobal
